
Microsoft Visual Studio Solution File, Format Version 12.00
# Visual Studio 14
VisualStudioVersion = 14.0.25420.1
MinimumVisualStudioVersion = 10.0.40219.1
Project("{FAE04EC0-301F-11D3-BF4B-00C04F79EFBC}") = "Powerfront.Backend", "Powerfront.Backend\Powerfront.Backend.csproj", "{CED11205-819E-4F3A-BADF-656AB29DABC8}"
EndProject
Project("{FAE04EC0-301F-11D3-BF4B-00C04F79EFBC}") = "Powerfront.Frontend", "Powerfront.Frontend\Powerfront.Frontend.csproj", "{BBF0BCC3-71AE-4D75-B5DC-B29D26DD2E55}"
EndProject
Project("{FAE04EC0-301F-11D3-BF4B-00C04F79EFBC}") = "Powerfront.Tests", "Powerfront.Tests\Powerfront.Tests.csproj", "{E498BEAF-ED92-4DAB-B56B-E570FAD98206}"
EndProject
Project("{FAE04EC0-301F-11D3-BF4B-00C04F79EFBC}") = "Powerfront.Tests.Acceptance", "Powerfront.Tests.Acceptance\Powerfront.Tests.Acceptance.csproj", "{6395CDF7-BB40-45CE-B28B-238D9E70EC6A}"
EndProject
Project("{00D1A9C2-B5F0-4AF3-8072-F6C62B433612}") = "Powerfront.Database", "Powerfront.Database\Powerfront.Database.sqlproj", "{0AE97C01-B4A3-4A3F-AF74-76E99390D196}"
EndProject
Global
	GlobalSection(SolutionConfigurationPlatforms) = preSolution
		Debug|Any CPU = Debug|Any CPU
		Release|Any CPU = Release|Any CPU
	EndGlobalSection
	GlobalSection(ProjectConfigurationPlatforms) = postSolution
		{CED11205-819E-4F3A-BADF-656AB29DABC8}.Debug|Any CPU.ActiveCfg = Debug|Any CPU
		{CED11205-819E-4F3A-BADF-656AB29DABC8}.Debug|Any CPU.Build.0 = Debug|Any CPU
		{CED11205-819E-4F3A-BADF-656AB29DABC8}.Release|Any CPU.ActiveCfg = Release|Any CPU
		{CED11205-819E-4F3A-BADF-656AB29DABC8}.Release|Any CPU.Build.0 = Release|Any CPU
		{BBF0BCC3-71AE-4D75-B5DC-B29D26DD2E55}.Debug|Any CPU.ActiveCfg = Debug|Any CPU
		{BBF0BCC3-71AE-4D75-B5DC-B29D26DD2E55}.Debug|Any CPU.Build.0 = Debug|Any CPU
		{BBF0BCC3-71AE-4D75-B5DC-B29D26DD2E55}.Release|Any CPU.ActiveCfg = Release|Any CPU
		{BBF0BCC3-71AE-4D75-B5DC-B29D26DD2E55}.Release|Any CPU.Build.0 = Release|Any CPU
		{E498BEAF-ED92-4DAB-B56B-E570FAD98206}.Debug|Any CPU.ActiveCfg = Debug|Any CPU
		{E498BEAF-ED92-4DAB-B56B-E570FAD98206}.Debug|Any CPU.Build.0 = Debug|Any CPU
		{E498BEAF-ED92-4DAB-B56B-E570FAD98206}.Release|Any CPU.ActiveCfg = Release|Any CPU
		{E498BEAF-ED92-4DAB-B56B-E570FAD98206}.Release|Any CPU.Build.0 = Release|Any CPU
		{6395CDF7-BB40-45CE-B28B-238D9E70EC6A}.Debug|Any CPU.ActiveCfg = Debug|Any CPU
		{6395CDF7-BB40-45CE-B28B-238D9E70EC6A}.Debug|Any CPU.Build.0 = Debug|Any CPU
		{6395CDF7-BB40-45CE-B28B-238D9E70EC6A}.Release|Any CPU.ActiveCfg = Release|Any CPU
		{6395CDF7-BB40-45CE-B28B-238D9E70EC6A}.Release|Any CPU.Build.0 = Release|Any CPU
		{0AE97C01-B4A3-4A3F-AF74-76E99390D196}.Debug|Any CPU.ActiveCfg = Debug|Any CPU
		{0AE97C01-B4A3-4A3F-AF74-76E99390D196}.Debug|Any CPU.Build.0 = Debug|Any CPU
		{0AE97C01-B4A3-4A3F-AF74-76E99390D196}.Debug|Any CPU.Deploy.0 = Debug|Any CPU
		{0AE97C01-B4A3-4A3F-AF74-76E99390D196}.Release|Any CPU.ActiveCfg = Release|Any CPU
		{0AE97C01-B4A3-4A3F-AF74-76E99390D196}.Release|Any CPU.Build.0 = Release|Any CPU
		{0AE97C01-B4A3-4A3F-AF74-76E99390D196}.Release|Any CPU.Deploy.0 = Release|Any CPU
	EndGlobalSection
	GlobalSection(SolutionProperties) = preSolution
		HideSolutionNode = FALSE
	EndGlobalSection
EndGlobal
